
Microsoft Visual Studio Solution File, Format Version 12.00
# Visual Studio Version 17
VisualStudioVersion = 17.4.33213.308
MinimumVisualStudioVersion = 10.0.40219.1
Project("{FAE04EC0-301F-11D3-BF4B-00C04F79EFBC}") = "WatchTowerWebApp", "WatchTowerWebApp\WatchTowerWebApp.csproj", "{2AEE7811-27F1-462D-B422-B5E37328C62D}"
EndProject
Global
	GlobalSection(SolutionConfigurationPlatforms) = preSolution
		Debug|Any CPU = Debug|Any CPU
		Release|Any CPU = Release|Any CPU
	EndGlobalSection
	GlobalSection(ProjectConfigurationPlatforms) = postSolution
		{2AEE7811-27F1-462D-B422-B5E37328C62D}.Debug|Any CPU.ActiveCfg = Debug|Any CPU
		{2AEE7811-27F1-462D-B422-B5E37328C62D}.Debug|Any CPU.Build.0 = Debug|Any CPU
		{2AEE7811-27F1-462D-B422-B5E37328C62D}.Release|Any CPU.ActiveCfg = Release|Any CPU
		{2AEE7811-27F1-462D-B422-B5E37328C62D}.Release|Any CPU.Build.0 = Release|Any CPU
	EndGlobalSection
	GlobalSection(SolutionProperties) = preSolution
		HideSolutionNode = FALSE
	EndGlobalSection
	GlobalSection(ExtensibilityGlobals) = postSolution
		SolutionGuid = {48504D0B-6AB0-47F3-AF8E-7EBEBC0A8AB0}
	EndGlobalSection
EndGlobal
